
Microsoft Visual Studio Solution File, Format Version 12.00
# Visual Studio Version 17
VisualStudioVersion = 17.0.31903.59
MinimumVisualStudioVersion = 10.0.40219.1
Project("{2150E333-8FDC-42A3-9474-1A3956D46DE8}") = "source", "source", "{A27858E9-1087-4A0A-AF69-9A7BF220AA9D}"
EndProject
Project("{FAE04EC0-301F-11D3-BF4B-00C04F79EFBC}") = "SimpleAPI", "source\SimpleAPI\SimpleAPI.csproj", "{78BBB90F-59E4-477D-B5BE-B2BF6AAFE34B}"
EndProject
Project("{2150E333-8FDC-42A3-9474-1A3956D46DE8}") = "test", "test", "{B41D014B-B003-4124-8723-CCF62CF7FEE8}"
EndProject
Project("{FAE04EC0-301F-11D3-BF4B-00C04F79EFBC}") = "SimpleAPI.Test", "test\SimpleAPI.Test\SimpleAPI.Test.csproj", "{47ABC54C-4BCF-416F-8E1C-F30DE6CEA1EF}"
EndProject
Global
	GlobalSection(SolutionConfigurationPlatforms) = preSolution
		Debug|Any CPU = Debug|Any CPU
		Release|Any CPU = Release|Any CPU
	EndGlobalSection
	GlobalSection(SolutionProperties) = preSolution
		HideSolutionNode = FALSE
	EndGlobalSection
	GlobalSection(ProjectConfigurationPlatforms) = postSolution
		{78BBB90F-59E4-477D-B5BE-B2BF6AAFE34B}.Debug|Any CPU.ActiveCfg = Debug|Any CPU
		{78BBB90F-59E4-477D-B5BE-B2BF6AAFE34B}.Debug|Any CPU.Build.0 = Debug|Any CPU
		{78BBB90F-59E4-477D-B5BE-B2BF6AAFE34B}.Release|Any CPU.ActiveCfg = Release|Any CPU
		{78BBB90F-59E4-477D-B5BE-B2BF6AAFE34B}.Release|Any CPU.Build.0 = Release|Any CPU
		{47ABC54C-4BCF-416F-8E1C-F30DE6CEA1EF}.Debug|Any CPU.ActiveCfg = Debug|Any CPU
		{47ABC54C-4BCF-416F-8E1C-F30DE6CEA1EF}.Debug|Any CPU.Build.0 = Debug|Any CPU
		{47ABC54C-4BCF-416F-8E1C-F30DE6CEA1EF}.Release|Any CPU.ActiveCfg = Release|Any CPU
		{47ABC54C-4BCF-416F-8E1C-F30DE6CEA1EF}.Release|Any CPU.Build.0 = Release|Any CPU
	EndGlobalSection
	GlobalSection(NestedProjects) = preSolution
		{78BBB90F-59E4-477D-B5BE-B2BF6AAFE34B} = {A27858E9-1087-4A0A-AF69-9A7BF220AA9D}
		{47ABC54C-4BCF-416F-8E1C-F30DE6CEA1EF} = {B41D014B-B003-4124-8723-CCF62CF7FEE8}
	EndGlobalSection
EndGlobal
